<?xml version="1.0" encoding="utf-8"?>
<Project ToolsVersion="4.0" xmlns="http://schemas.microsoft.com/developer/msbuild/2003">
  <ItemGroup>
    <Filter Include="source">
      <UniqueIdentifier>{b948c61b-b873-4a27-b17d-49e9a3abacf3}</UniqueIdentifier>
    </Filter>
    <Filter Include="headers">
      <UniqueIdentifier>{86fb1d64-2fab-4be8-8bd1-e203cfff1b3c}</UniqueIdentifier>
    </Filter>
  </ItemGroup>
  <ItemGroup>
    <ClInclude Include="source\Node_G.h">
      <Filter>headers</Filter>
    </ClInclude>
    <ClInclude Include="source\Node_P.h">
      <Filter>headers</Filter>
    </ClInclude>
    <ClInclude Include="source\config.h">
      <Filter>headers</Filter>
    </ClInclude>
    <ClInclude Include="source\InternalConnexion_G.h">
      <Filter>headers</Filter>
    </ClInclude>
    <ClInclude Include="source\InternalConnexion_P.h">
      <Filter>headers</Filter>
    </ClInclude>
    <ClInclude Include="source\Network.h">
      <Filter>headers</Filter>
    </ClInclude>
    <ClInclude Include="source\Population.h">
      <Filter>headers</Filter>
    </ClInclude>
    <ClInclude Include="source\Random.h">
      <Filter>headers</Filter>
    </ClInclude>
    <ClInclude Include="source\Trial.h">
      <Filter>headers</Filter>
    </ClInclude>
  </ItemGroup>
  <ItemGroup>
    <ClCompile Include="source\Node_G.cpp">
      <Filter>source</Filter>
    </ClCompile>
    <ClCompile Include="source\Node_P.cpp">
      <Filter>source</Filter>
    </ClCompile>
    <ClCompile Include="source\InternalConnexion_G.cpp">
      <Filter>source</Filter>
    </ClCompile>
    <ClCompile Include="source\InternalConnexion_P.cpp">
      <Filter>source</Filter>
    </ClCompile>
    <ClCompile Include="source\Network.cpp">
      <Filter>source</Filter>
    </ClCompile>
    <ClCompile Include="source\Population.cpp">
      <Filter>source</Filter>
    </ClCompile>
    <ClCompile Include="source\Random.cpp">
      <Filter>source</Filter>
    </ClCompile>
    <ClCompile Include="source\Trial.cpp">
      <Filter>source</Filter>
    </ClCompile>
    <ClCompile Include="source\main.cpp">
      <Filter>source</Filter>
    </ClCompile>
  </ItemGroup>
</Project>